
Microsoft Visual Studio Solution File, Format Version 12.00
# Visual Studio Version 17
VisualStudioVersion = 17.8.34408.163
MinimumVisualStudioVersion = 10.0.40219.1
Project("{2150E333-8FDC-42A3-9474-1A3956D46DE8}") = "GatewayApi", "GatewayApi", "{AF2AC121-2294-455F-804F-7CA16BA149E0}"
EndProject
Project("{2150E333-8FDC-42A3-9474-1A3956D46DE8}") = "Application", "Application", "{8F7ED91F-FD77-49FE-9EA3-F2DB57F3D4B6}"
EndProject
Project("{2150E333-8FDC-42A3-9474-1A3956D46DE8}") = "Core", "Core", "{4A31D939-3457-4824-8BB6-B730AA088BEB}"
EndProject
Project("{2150E333-8FDC-42A3-9474-1A3956D46DE8}") = "Endpoints", "Endpoints", "{783C30BE-E89A-4F9B-B588-AEFEFA3E0CCF}"
EndProject
Project("{2150E333-8FDC-42A3-9474-1A3956D46DE8}") = "ExternalService", "ExternalService", "{ADCAF543-E569-4CBF-B8BF-6A8816E8087A}"
EndProject
Project("{2150E333-8FDC-42A3-9474-1A3956D46DE8}") = "LIB", "LIB", "{A582C94A-B69F-4286-96DE-C9726E667A47}"
EndProject
Project("{2150E333-8FDC-42A3-9474-1A3956D46DE8}") = "User", "User", "{A9313DEC-84F8-4510-9155-695CDAD0D901}"
EndProject
Project("{2150E333-8FDC-42A3-9474-1A3956D46DE8}") = "DbScripts", "DbScripts", "{4E61D23A-5325-4A58-8023-30D19D9CB056}"
	ProjectSection(SolutionItems) = preProject
		..\..\X.Proto.Framework\X.Proto.Db.Component.Dml\DbScripts\insert_component.sql = ..\..\X.Proto.Framework\X.Proto.Db.Component.Dml\DbScripts\insert_component.sql
		DbScripts.User\user.sql = DbScripts.User\user.sql
	EndProjectSection
EndProject
Project("{9A19103F-16F7-4668-BE54-9A1E7A4F7556}") = "X.Proto.Common.AppAccessors", "..\..\X.Proto.Framework\X.Proto.Common.AppAccessors\X.Proto.Common.AppAccessors.csproj", "{5BF45870-D7DB-4E75-8FD5-0EA015727417}"
EndProject
Project("{9A19103F-16F7-4668-BE54-9A1E7A4F7556}") = "X.Proto.Common.Endpoints.Transport.Debug", "..\..\X.Proto.Framework\X.Proto.Common.Endpoints.Transport.Debug\X.Proto.Common.Endpoints.Transport.Debug.csproj", "{1362E841-F9A3-46A1-89A6-FD301FF78A73}"
EndProject
Project("{9A19103F-16F7-4668-BE54-9A1E7A4F7556}") = "X.Proto.Common.Endpoints.Setup.Autofac", "..\..\X.Proto.Framework\X.Proto.Common.Endpoints.Setup.Autofac\X.Proto.Common.Endpoints.Setup.Autofac.csproj", "{19B3824E-6224-4E26-AB98-775A742630A9}"
EndProject
Project("{9A19103F-16F7-4668-BE54-9A1E7A4F7556}") = "X.Proto.Common.Endpoints.Setup.ConfigFiles", "..\..\X.Proto.Framework\X.Proto.Common.Endpoints.Setup.ConfigFiles\X.Proto.Common.Endpoints.Setup.ConfigFiles.csproj", "{740B00A0-4441-44F0-87C9-6A93BA261429}"
EndProject
Project("{9A19103F-16F7-4668-BE54-9A1E7A4F7556}") = "X.Proto.Db.Api", "..\..\X.Proto.Framework\X.Proto.Db.Api\X.Proto.Db.Api.csproj", "{6D427B17-D857-41BD-87A5-5504AD47ED2A}"
EndProject
Project("{9A19103F-16F7-4668-BE54-9A1E7A4F7556}") = "X.Proto.Db.Core.Rdbms", "..\..\X.Proto.Framework\X.Proto.Db.Core.Rdbms\X.Proto.Db.Core.Rdbms.csproj", "{6F34274E-4E37-4252-89C5-DE642A001051}"
EndProject
Project("{9A19103F-16F7-4668-BE54-9A1E7A4F7556}") = "X.Proto.Db.Component.Dml", "..\..\X.Proto.Framework\X.Proto.Db.Component.Dml\X.Proto.Db.Component.Dml.csproj", "{0BD3B39D-8C88-4FB0-B918-022FD2E979A1}"
EndProject
Project("{9A19103F-16F7-4668-BE54-9A1E7A4F7556}") = "X.Proto.Common.Entities", "..\..\X.Proto.Framework\X.Proto.Common.Entities\X.Proto.Common.Entities.csproj", "{A18F9832-D85F-49EF-804A-0FD2269CB31E}"
EndProject
Project("{9A19103F-16F7-4668-BE54-9A1E7A4F7556}") = "User.Api", "User.Api\User.Api.csproj", "{8CD00F65-E23B-40E1-8440-448CBF5D9081}"
EndProject
Project("{9A19103F-16F7-4668-BE54-9A1E7A4F7556}") = "User.Core", "User.Core\User.Core.csproj", "{7BBB49F7-22FC-453E-A9D8-5791CBAC455D}"
EndProject
Project("{9A19103F-16F7-4668-BE54-9A1E7A4F7556}") = "Endpoint.User", "Endpoint.User\Endpoint.User.csproj", "{F90F0B6E-ADC3-49E3-AEA5-EFEA2D860BBF}"
EndProject
Project("{9A19103F-16F7-4668-BE54-9A1E7A4F7556}") = "GatewayRestfullApi", "GatewayRestfullApi\GatewayRestfullApi.csproj", "{C8248B7D-FF7E-46E9-85F2-1B6502247564}"
EndProject
Project("{9A19103F-16F7-4668-BE54-9A1E7A4F7556}") = "X.Proto.Common.Endpoints.Invoker.Grpc", "..\..\X.Proto.Framework\X.Proto.Common.Endpoints.Invoker.Grpc\X.Proto.Common.Endpoints.Invoker.Grpc.csproj", "{508CE0A6-B7E7-4ED6-9A19-877C55C34EF5}"
EndProject
Project("{9A19103F-16F7-4668-BE54-9A1E7A4F7556}") = "X.Proto.Common.Endpoints.Invoker", "..\..\X.Proto.Framework\X.Proto.Common.Endpoints.Invoker\X.Proto.Common.Endpoints.Invoker.csproj", "{1C520310-4618-48B3-85E6-C866F9E5327A}"
EndProject
Project("{9A19103F-16F7-4668-BE54-9A1E7A4F7556}") = "X.Proto.Common.Events", "..\..\X.Proto.Framework\X.Proto.Common.Events\X.Proto.Common.Events.csproj", "{E078B7CF-B777-4502-B4BF-42C5D4234FCD}"
EndProject
Project("{9A19103F-16F7-4668-BE54-9A1E7A4F7556}") = "X.Proto.Common.Endpoints.Setup.NLog", "..\..\X.Proto.Framework\X.Proto.Common.Endpoints.Setup.NLog\X.Proto.Common.Endpoints.Setup.NLog.csproj", "{180345D8-B954-4346-91A7-6547D701E353}"
EndProject
Project("{9A19103F-16F7-4668-BE54-9A1E7A4F7556}") = "X.Proto.Common.Logging.NLog", "..\..\X.Proto.Framework\X.Proto.Common.Logging.NLog\X.Proto.Common.Logging.NLog.csproj", "{56596ED0-4737-4107-A235-EF065A137FEE}"
EndProject
Project("{9A19103F-16F7-4668-BE54-9A1E7A4F7556}") = "X.Proto.Component.ServiceBrokers.RabbitMQ", "..\..\X.Proto.Framework\X.Proto.Component.ServiceBrokers.RabbitMQ\X.Proto.Component.ServiceBrokers.RabbitMQ.csproj", "{987CE10C-ACF5-400C-9C5D-9A8E048DDDB1}"
EndProject
Project("{9A19103F-16F7-4668-BE54-9A1E7A4F7556}") = "Paylater.TestTask.TaskManager.Lib.EventsTM", "Paylater.TestTask.TaskManager.Lib.EventsTM\Paylater.TestTask.TaskManager.Lib.EventsTM.csproj", "{5F6355CE-5758-473A-8FF3-7970D4DB633C}"
EndProject
Project("{9A19103F-16F7-4668-BE54-9A1E7A4F7556}") = "Paylater.TestTask.TaskManager.ObserverService", "Paylater.TestTask.TaskManager.ObserverService\Paylater.TestTask.TaskManager.ObserverService.csproj", "{2287517F-41EF-4E68-8AD2-D3AB150DC4E9}"
EndProject
Project("{2150E333-8FDC-42A3-9474-1A3956D46DE8}") = "UserTasksCqrs", "UserTasksCqrs", "{34A62A8B-0D27-43A6-AA05-4643AA26F284}"
EndProject
Project("{9A19103F-16F7-4668-BE54-9A1E7A4F7556}") = "UserTasks.Cqrs.Command.UserTasks.Api", "UserTasks.Cqrs.Command.UserTasks.Api\UserTasks.Cqrs.Command.UserTasks.Api.csproj", "{A4DA668B-798D-416C-A178-2B93E1BDA632}"
EndProject
Project("{2150E333-8FDC-42A3-9474-1A3956D46DE8}") = "UserTasks", "UserTasks", "{9A97790A-BADB-4640-BA5E-094F514F4CF2}"
EndProject
Project("{2150E333-8FDC-42A3-9474-1A3956D46DE8}") = "DbScripts", "DbScripts", "{ED4E2CF1-1323-40FA-A8C7-B5C14DE02205}"
	ProjectSection(SolutionItems) = preProject
		DbScripts.UserTasks\user_task_command.sql = DbScripts.UserTasks\user_task_command.sql
		DbScripts.UserTasks\user_task_query.sql = DbScripts.UserTasks\user_task_query.sql
	EndProjectSection
EndProject
Project("{2150E333-8FDC-42A3-9474-1A3956D46DE8}") = "Command", "Command", "{6CDA5E07-B91F-4076-A342-E330FE5A5337}"
EndProject
Project("{2150E333-8FDC-42A3-9474-1A3956D46DE8}") = "Query", "Query", "{64BEAC87-E40F-4153-A5F8-AD1734057F2F}"
EndProject
Project("{9A19103F-16F7-4668-BE54-9A1E7A4F7556}") = "UserTasks.Cqrs.Command.UserTasks.Core", "UserTasks.Cqrs.Command.UserTasks.Core\UserTasks.Cqrs.Command.UserTasks.Core.csproj", "{2D1EC14E-3DAA-41A3-9374-A718992C8523}"
EndProject
Project("{9A19103F-16F7-4668-BE54-9A1E7A4F7556}") = "X.Proto.Common.Endpoints.Transport.Grpc", "..\..\X.Proto.Framework\X.Proto.Common.Endpoints.Transport.Grpc\X.Proto.Common.Endpoints.Transport.Grpc.csproj", "{638606B0-76B7-4A0B-9AA4-48AC5D03FACF}"
EndProject
Project("{9A19103F-16F7-4668-BE54-9A1E7A4F7556}") = "X.Proto.Common.Endpoints.Transport.WebApi", "..\..\X.Proto.Framework\X.Proto.Common.Endpoints.Transport.WebApi\X.Proto.Common.Endpoints.Transport.WebApi.csproj", "{1AA3ED91-277B-4DEE-8496-4E6A16D209B0}"
EndProject
Project("{2150E333-8FDC-42A3-9474-1A3956D46DE8}") = "StatusRules", "StatusRules", "{7EBB3628-38B9-4551-AACD-12B81059E7AA}"
EndProject
Project("{FAE04EC0-301F-11D3-BF4B-00C04F79EFBC}") = "UserTasks.Cqrs.Command.UserTasks.Core.StatusRules", "UserTasks.Cqrs.Command.UserTasks.Core.StatusRules\UserTasks.Cqrs.Command.UserTasks.Core.StatusRules.csproj", "{49B425A2-5438-4124-81FF-6D8558F62987}"
EndProject
Project("{FAE04EC0-301F-11D3-BF4B-00C04F79EFBC}") = "UserTasks.Cqrs.Query.UserTasks.Api", "UserTasks.Cqrs.Query.UserTasks.Api\UserTasks.Cqrs.Query.UserTasks.Api.csproj", "{1951455D-CAB8-4C3E-AC31-6EBD761E337B}"
EndProject
Project("{FAE04EC0-301F-11D3-BF4B-00C04F79EFBC}") = "UserTasks.Cqrs.Query.UserTasks.Core", "UserTasks.Cqrs.Query.UserTasks.Core\UserTasks.Cqrs.Query.UserTasks.Core.csproj", "{3CABB9C7-F7C7-4656-BCA5-C6FDD657D720}"
EndProject
Project("{FAE04EC0-301F-11D3-BF4B-00C04F79EFBC}") = "Endpoint.UserTasks.Cqrs.Command", "Endpoint.UserTasks.Cqrs.Command\Endpoint.UserTasks.Cqrs.Command.csproj", "{DF1F1053-5767-4340-8C6F-B4C461A4B6B4}"
EndProject
Project("{2150E333-8FDC-42A3-9474-1A3956D46DE8}") = "Infrastructure", "Infrastructure", "{D217BDF6-28BD-41A8-9CDA-D3D5A21A5BD1}"
EndProject
Project("{FAE04EC0-301F-11D3-BF4B-00C04F79EFBC}") = "Infrastructure.UserTasks", "Infrastructure.UserTasks\Infrastructure.UserTasks.csproj", "{102719D9-582D-4309-A8C3-56FCC8FD206C}"
EndProject
Project("{9A19103F-16F7-4668-BE54-9A1E7A4F7556}") = "X.Proto.Common.Endpoints.Invoker.WebApi", "..\..\X.Proto.Framework\X.Proto.Common.Endpoints.Invoker.WebApi\X.Proto.Common.Endpoints.Invoker.WebApi.csproj", "{91C46A48-468D-4838-B394-B695895B9F27}"
EndProject
Project("{FAE04EC0-301F-11D3-BF4B-00C04F79EFBC}") = "Infrastructure.User", "Infrastructure.User\Infrastructure.User.csproj", "{6E045184-315D-480B-92AD-0AE0F30224B0}"
EndProject
Project("{FAE04EC0-301F-11D3-BF4B-00C04F79EFBC}") = "Endpoint.UserTasks.Cqrs.Query", "Endpoint.UserTasks.Cqrs.Query\Endpoint.UserTasks.Cqrs.Query.csproj", "{E8774195-345E-45DE-B4D4-8DFA95FC309B}"
EndProject
Global
	GlobalSection(SolutionConfigurationPlatforms) = preSolution
		Debug|Any CPU = Debug|Any CPU
		Release|Any CPU = Release|Any CPU
	EndGlobalSection
	GlobalSection(ProjectConfigurationPlatforms) = postSolution
		{5BF45870-D7DB-4E75-8FD5-0EA015727417}.Debug|Any CPU.ActiveCfg = Debug|Any CPU
		{5BF45870-D7DB-4E75-8FD5-0EA015727417}.Debug|Any CPU.Build.0 = Debug|Any CPU
		{5BF45870-D7DB-4E75-8FD5-0EA015727417}.Release|Any CPU.ActiveCfg = Release|Any CPU
		{5BF45870-D7DB-4E75-8FD5-0EA015727417}.Release|Any CPU.Build.0 = Release|Any CPU
		{1362E841-F9A3-46A1-89A6-FD301FF78A73}.Debug|Any CPU.ActiveCfg = Debug|Any CPU
		{1362E841-F9A3-46A1-89A6-FD301FF78A73}.Debug|Any CPU.Build.0 = Debug|Any CPU
		{1362E841-F9A3-46A1-89A6-FD301FF78A73}.Release|Any CPU.ActiveCfg = Release|Any CPU
		{1362E841-F9A3-46A1-89A6-FD301FF78A73}.Release|Any CPU.Build.0 = Release|Any CPU
		{19B3824E-6224-4E26-AB98-775A742630A9}.Debug|Any CPU.ActiveCfg = Debug|Any CPU
		{19B3824E-6224-4E26-AB98-775A742630A9}.Debug|Any CPU.Build.0 = Debug|Any CPU
		{19B3824E-6224-4E26-AB98-775A742630A9}.Release|Any CPU.ActiveCfg = Release|Any CPU
		{19B3824E-6224-4E26-AB98-775A742630A9}.Release|Any CPU.Build.0 = Release|Any CPU
		{740B00A0-4441-44F0-87C9-6A93BA261429}.Debug|Any CPU.ActiveCfg = Debug|Any CPU
		{740B00A0-4441-44F0-87C9-6A93BA261429}.Debug|Any CPU.Build.0 = Debug|Any CPU
		{740B00A0-4441-44F0-87C9-6A93BA261429}.Release|Any CPU.ActiveCfg = Release|Any CPU
		{740B00A0-4441-44F0-87C9-6A93BA261429}.Release|Any CPU.Build.0 = Release|Any CPU
		{6D427B17-D857-41BD-87A5-5504AD47ED2A}.Debug|Any CPU.ActiveCfg = Debug|Any CPU
		{6D427B17-D857-41BD-87A5-5504AD47ED2A}.Debug|Any CPU.Build.0 = Debug|Any CPU
		{6D427B17-D857-41BD-87A5-5504AD47ED2A}.Release|Any CPU.ActiveCfg = Release|Any CPU
		{6D427B17-D857-41BD-87A5-5504AD47ED2A}.Release|Any CPU.Build.0 = Release|Any CPU
		{6F34274E-4E37-4252-89C5-DE642A001051}.Debug|Any CPU.ActiveCfg = Debug|Any CPU
		{6F34274E-4E37-4252-89C5-DE642A001051}.Debug|Any CPU.Build.0 = Debug|Any CPU
		{6F34274E-4E37-4252-89C5-DE642A001051}.Release|Any CPU.ActiveCfg = Release|Any CPU
		{6F34274E-4E37-4252-89C5-DE642A001051}.Release|Any CPU.Build.0 = Release|Any CPU
		{0BD3B39D-8C88-4FB0-B918-022FD2E979A1}.Debug|Any CPU.ActiveCfg = Debug|Any CPU
		{0BD3B39D-8C88-4FB0-B918-022FD2E979A1}.Debug|Any CPU.Build.0 = Debug|Any CPU
		{0BD3B39D-8C88-4FB0-B918-022FD2E979A1}.Release|Any CPU.ActiveCfg = Release|Any CPU
		{0BD3B39D-8C88-4FB0-B918-022FD2E979A1}.Release|Any CPU.Build.0 = Release|Any CPU
		{A18F9832-D85F-49EF-804A-0FD2269CB31E}.Debug|Any CPU.ActiveCfg = Debug|Any CPU
		{A18F9832-D85F-49EF-804A-0FD2269CB31E}.Debug|Any CPU.Build.0 = Debug|Any CPU
		{A18F9832-D85F-49EF-804A-0FD2269CB31E}.Release|Any CPU.ActiveCfg = Release|Any CPU
		{A18F9832-D85F-49EF-804A-0FD2269CB31E}.Release|Any CPU.Build.0 = Release|Any CPU
		{8CD00F65-E23B-40E1-8440-448CBF5D9081}.Debug|Any CPU.ActiveCfg = Debug|Any CPU
		{8CD00F65-E23B-40E1-8440-448CBF5D9081}.Debug|Any CPU.Build.0 = Debug|Any CPU
		{8CD00F65-E23B-40E1-8440-448CBF5D9081}.Release|Any CPU.ActiveCfg = Release|Any CPU
		{8CD00F65-E23B-40E1-8440-448CBF5D9081}.Release|Any CPU.Build.0 = Release|Any CPU
		{7BBB49F7-22FC-453E-A9D8-5791CBAC455D}.Debug|Any CPU.ActiveCfg = Debug|Any CPU
		{7BBB49F7-22FC-453E-A9D8-5791CBAC455D}.Debug|Any CPU.Build.0 = Debug|Any CPU
		{7BBB49F7-22FC-453E-A9D8-5791CBAC455D}.Release|Any CPU.ActiveCfg = Release|Any CPU
		{7BBB49F7-22FC-453E-A9D8-5791CBAC455D}.Release|Any CPU.Build.0 = Release|Any CPU
		{F90F0B6E-ADC3-49E3-AEA5-EFEA2D860BBF}.Debug|Any CPU.ActiveCfg = Debug|Any CPU
		{F90F0B6E-ADC3-49E3-AEA5-EFEA2D860BBF}.Debug|Any CPU.Build.0 = Debug|Any CPU
		{F90F0B6E-ADC3-49E3-AEA5-EFEA2D860BBF}.Release|Any CPU.ActiveCfg = Release|Any CPU
		{F90F0B6E-ADC3-49E3-AEA5-EFEA2D860BBF}.Release|Any CPU.Build.0 = Release|Any CPU
		{C8248B7D-FF7E-46E9-85F2-1B6502247564}.Debug|Any CPU.ActiveCfg = Debug|Any CPU
		{C8248B7D-FF7E-46E9-85F2-1B6502247564}.Debug|Any CPU.Build.0 = Debug|Any CPU
		{C8248B7D-FF7E-46E9-85F2-1B6502247564}.Release|Any CPU.ActiveCfg = Release|Any CPU
		{C8248B7D-FF7E-46E9-85F2-1B6502247564}.Release|Any CPU.Build.0 = Release|Any CPU
		{508CE0A6-B7E7-4ED6-9A19-877C55C34EF5}.Debug|Any CPU.ActiveCfg = Debug|Any CPU
		{508CE0A6-B7E7-4ED6-9A19-877C55C34EF5}.Debug|Any CPU.Build.0 = Debug|Any CPU
		{508CE0A6-B7E7-4ED6-9A19-877C55C34EF5}.Release|Any CPU.ActiveCfg = Release|Any CPU
		{508CE0A6-B7E7-4ED6-9A19-877C55C34EF5}.Release|Any CPU.Build.0 = Release|Any CPU
		{1C520310-4618-48B3-85E6-C866F9E5327A}.Debug|Any CPU.ActiveCfg = Debug|Any CPU
		{1C520310-4618-48B3-85E6-C866F9E5327A}.Debug|Any CPU.Build.0 = Debug|Any CPU
		{1C520310-4618-48B3-85E6-C866F9E5327A}.Release|Any CPU.ActiveCfg = Release|Any CPU
		{1C520310-4618-48B3-85E6-C866F9E5327A}.Release|Any CPU.Build.0 = Release|Any CPU
		{E078B7CF-B777-4502-B4BF-42C5D4234FCD}.Debug|Any CPU.ActiveCfg = Debug|Any CPU
		{E078B7CF-B777-4502-B4BF-42C5D4234FCD}.Debug|Any CPU.Build.0 = Debug|Any CPU
		{E078B7CF-B777-4502-B4BF-42C5D4234FCD}.Release|Any CPU.ActiveCfg = Release|Any CPU
		{E078B7CF-B777-4502-B4BF-42C5D4234FCD}.Release|Any CPU.Build.0 = Release|Any CPU
		{180345D8-B954-4346-91A7-6547D701E353}.Debug|Any CPU.ActiveCfg = Debug|Any CPU
		{180345D8-B954-4346-91A7-6547D701E353}.Debug|Any CPU.Build.0 = Debug|Any CPU
		{180345D8-B954-4346-91A7-6547D701E353}.Release|Any CPU.ActiveCfg = Release|Any CPU
		{180345D8-B954-4346-91A7-6547D701E353}.Release|Any CPU.Build.0 = Release|Any CPU
		{56596ED0-4737-4107-A235-EF065A137FEE}.Debug|Any CPU.ActiveCfg = Debug|Any CPU
		{56596ED0-4737-4107-A235-EF065A137FEE}.Debug|Any CPU.Build.0 = Debug|Any CPU
		{56596ED0-4737-4107-A235-EF065A137FEE}.Release|Any CPU.ActiveCfg = Release|Any CPU
		{56596ED0-4737-4107-A235-EF065A137FEE}.Release|Any CPU.Build.0 = Release|Any CPU
		{987CE10C-ACF5-400C-9C5D-9A8E048DDDB1}.Debug|Any CPU.ActiveCfg = Debug|Any CPU
		{987CE10C-ACF5-400C-9C5D-9A8E048DDDB1}.Debug|Any CPU.Build.0 = Debug|Any CPU
		{987CE10C-ACF5-400C-9C5D-9A8E048DDDB1}.Release|Any CPU.ActiveCfg = Release|Any CPU
		{987CE10C-ACF5-400C-9C5D-9A8E048DDDB1}.Release|Any CPU.Build.0 = Release|Any CPU
		{5F6355CE-5758-473A-8FF3-7970D4DB633C}.Debug|Any CPU.ActiveCfg = Debug|Any CPU
		{5F6355CE-5758-473A-8FF3-7970D4DB633C}.Debug|Any CPU.Build.0 = Debug|Any CPU
		{5F6355CE-5758-473A-8FF3-7970D4DB633C}.Release|Any CPU.ActiveCfg = Release|Any CPU
		{5F6355CE-5758-473A-8FF3-7970D4DB633C}.Release|Any CPU.Build.0 = Release|Any CPU
		{2287517F-41EF-4E68-8AD2-D3AB150DC4E9}.Debug|Any CPU.ActiveCfg = Debug|Any CPU
		{2287517F-41EF-4E68-8AD2-D3AB150DC4E9}.Debug|Any CPU.Build.0 = Debug|Any CPU
		{2287517F-41EF-4E68-8AD2-D3AB150DC4E9}.Release|Any CPU.ActiveCfg = Release|Any CPU
		{2287517F-41EF-4E68-8AD2-D3AB150DC4E9}.Release|Any CPU.Build.0 = Release|Any CPU
		{A4DA668B-798D-416C-A178-2B93E1BDA632}.Debug|Any CPU.ActiveCfg = Debug|Any CPU
		{A4DA668B-798D-416C-A178-2B93E1BDA632}.Debug|Any CPU.Build.0 = Debug|Any CPU
		{A4DA668B-798D-416C-A178-2B93E1BDA632}.Release|Any CPU.ActiveCfg = Release|Any CPU
		{A4DA668B-798D-416C-A178-2B93E1BDA632}.Release|Any CPU.Build.0 = Release|Any CPU
		{2D1EC14E-3DAA-41A3-9374-A718992C8523}.Debug|Any CPU.ActiveCfg = Debug|Any CPU
		{2D1EC14E-3DAA-41A3-9374-A718992C8523}.Debug|Any CPU.Build.0 = Debug|Any CPU
		{2D1EC14E-3DAA-41A3-9374-A718992C8523}.Release|Any CPU.ActiveCfg = Release|Any CPU
		{2D1EC14E-3DAA-41A3-9374-A718992C8523}.Release|Any CPU.Build.0 = Release|Any CPU
		{638606B0-76B7-4A0B-9AA4-48AC5D03FACF}.Debug|Any CPU.ActiveCfg = Debug|Any CPU
		{638606B0-76B7-4A0B-9AA4-48AC5D03FACF}.Debug|Any CPU.Build.0 = Debug|Any CPU
		{638606B0-76B7-4A0B-9AA4-48AC5D03FACF}.Release|Any CPU.ActiveCfg = Release|Any CPU
		{638606B0-76B7-4A0B-9AA4-48AC5D03FACF}.Release|Any CPU.Build.0 = Release|Any CPU
		{1AA3ED91-277B-4DEE-8496-4E6A16D209B0}.Debug|Any CPU.ActiveCfg = Debug|Any CPU
		{1AA3ED91-277B-4DEE-8496-4E6A16D209B0}.Debug|Any CPU.Build.0 = Debug|Any CPU
		{1AA3ED91-277B-4DEE-8496-4E6A16D209B0}.Release|Any CPU.ActiveCfg = Release|Any CPU
		{1AA3ED91-277B-4DEE-8496-4E6A16D209B0}.Release|Any CPU.Build.0 = Release|Any CPU
		{49B425A2-5438-4124-81FF-6D8558F62987}.Debug|Any CPU.ActiveCfg = Debug|Any CPU
		{49B425A2-5438-4124-81FF-6D8558F62987}.Debug|Any CPU.Build.0 = Debug|Any CPU
		{49B425A2-5438-4124-81FF-6D8558F62987}.Release|Any CPU.ActiveCfg = Release|Any CPU
		{49B425A2-5438-4124-81FF-6D8558F62987}.Release|Any CPU.Build.0 = Release|Any CPU
		{1951455D-CAB8-4C3E-AC31-6EBD761E337B}.Debug|Any CPU.ActiveCfg = Debug|Any CPU
		{1951455D-CAB8-4C3E-AC31-6EBD761E337B}.Debug|Any CPU.Build.0 = Debug|Any CPU
		{1951455D-CAB8-4C3E-AC31-6EBD761E337B}.Release|Any CPU.ActiveCfg = Release|Any CPU
		{1951455D-CAB8-4C3E-AC31-6EBD761E337B}.Release|Any CPU.Build.0 = Release|Any CPU
		{3CABB9C7-F7C7-4656-BCA5-C6FDD657D720}.Debug|Any CPU.ActiveCfg = Debug|Any CPU
		{3CABB9C7-F7C7-4656-BCA5-C6FDD657D720}.Debug|Any CPU.Build.0 = Debug|Any CPU
		{3CABB9C7-F7C7-4656-BCA5-C6FDD657D720}.Release|Any CPU.ActiveCfg = Release|Any CPU
		{3CABB9C7-F7C7-4656-BCA5-C6FDD657D720}.Release|Any CPU.Build.0 = Release|Any CPU
		{DF1F1053-5767-4340-8C6F-B4C461A4B6B4}.Debug|Any CPU.ActiveCfg = Debug|Any CPU
		{DF1F1053-5767-4340-8C6F-B4C461A4B6B4}.Debug|Any CPU.Build.0 = Debug|Any CPU
		{DF1F1053-5767-4340-8C6F-B4C461A4B6B4}.Release|Any CPU.ActiveCfg = Release|Any CPU
		{DF1F1053-5767-4340-8C6F-B4C461A4B6B4}.Release|Any CPU.Build.0 = Release|Any CPU
		{102719D9-582D-4309-A8C3-56FCC8FD206C}.Debug|Any CPU.ActiveCfg = Debug|Any CPU
		{102719D9-582D-4309-A8C3-56FCC8FD206C}.Debug|Any CPU.Build.0 = Debug|Any CPU
		{102719D9-582D-4309-A8C3-56FCC8FD206C}.Release|Any CPU.ActiveCfg = Release|Any CPU
		{102719D9-582D-4309-A8C3-56FCC8FD206C}.Release|Any CPU.Build.0 = Release|Any CPU
		{91C46A48-468D-4838-B394-B695895B9F27}.Debug|Any CPU.ActiveCfg = Debug|Any CPU
		{91C46A48-468D-4838-B394-B695895B9F27}.Debug|Any CPU.Build.0 = Debug|Any CPU
		{91C46A48-468D-4838-B394-B695895B9F27}.Release|Any CPU.ActiveCfg = Release|Any CPU
		{91C46A48-468D-4838-B394-B695895B9F27}.Release|Any CPU.Build.0 = Release|Any CPU
		{6E045184-315D-480B-92AD-0AE0F30224B0}.Debug|Any CPU.ActiveCfg = Debug|Any CPU
		{6E045184-315D-480B-92AD-0AE0F30224B0}.Debug|Any CPU.Build.0 = Debug|Any CPU
		{6E045184-315D-480B-92AD-0AE0F30224B0}.Release|Any CPU.ActiveCfg = Release|Any CPU
		{6E045184-315D-480B-92AD-0AE0F30224B0}.Release|Any CPU.Build.0 = Release|Any CPU
		{E8774195-345E-45DE-B4D4-8DFA95FC309B}.Debug|Any CPU.ActiveCfg = Debug|Any CPU
		{E8774195-345E-45DE-B4D4-8DFA95FC309B}.Debug|Any CPU.Build.0 = Debug|Any CPU
		{E8774195-345E-45DE-B4D4-8DFA95FC309B}.Release|Any CPU.ActiveCfg = Release|Any CPU
		{E8774195-345E-45DE-B4D4-8DFA95FC309B}.Release|Any CPU.Build.0 = Release|Any CPU
	EndGlobalSection
	GlobalSection(SolutionProperties) = preSolution
		HideSolutionNode = FALSE
	EndGlobalSection
	GlobalSection(NestedProjects) = preSolution
		{AF2AC121-2294-455F-804F-7CA16BA149E0} = {8F7ED91F-FD77-49FE-9EA3-F2DB57F3D4B6}
		{4A31D939-3457-4824-8BB6-B730AA088BEB} = {8F7ED91F-FD77-49FE-9EA3-F2DB57F3D4B6}
		{783C30BE-E89A-4F9B-B588-AEFEFA3E0CCF} = {8F7ED91F-FD77-49FE-9EA3-F2DB57F3D4B6}
		{A9313DEC-84F8-4510-9155-695CDAD0D901} = {4A31D939-3457-4824-8BB6-B730AA088BEB}
		{4E61D23A-5325-4A58-8023-30D19D9CB056} = {A9313DEC-84F8-4510-9155-695CDAD0D901}
		{5BF45870-D7DB-4E75-8FD5-0EA015727417} = {A582C94A-B69F-4286-96DE-C9726E667A47}
		{1362E841-F9A3-46A1-89A6-FD301FF78A73} = {A582C94A-B69F-4286-96DE-C9726E667A47}
		{19B3824E-6224-4E26-AB98-775A742630A9} = {A582C94A-B69F-4286-96DE-C9726E667A47}
		{740B00A0-4441-44F0-87C9-6A93BA261429} = {A582C94A-B69F-4286-96DE-C9726E667A47}
		{6D427B17-D857-41BD-87A5-5504AD47ED2A} = {A582C94A-B69F-4286-96DE-C9726E667A47}
		{6F34274E-4E37-4252-89C5-DE642A001051} = {A582C94A-B69F-4286-96DE-C9726E667A47}
		{0BD3B39D-8C88-4FB0-B918-022FD2E979A1} = {A582C94A-B69F-4286-96DE-C9726E667A47}
		{A18F9832-D85F-49EF-804A-0FD2269CB31E} = {A582C94A-B69F-4286-96DE-C9726E667A47}
		{8CD00F65-E23B-40E1-8440-448CBF5D9081} = {A9313DEC-84F8-4510-9155-695CDAD0D901}
		{7BBB49F7-22FC-453E-A9D8-5791CBAC455D} = {A9313DEC-84F8-4510-9155-695CDAD0D901}
		{F90F0B6E-ADC3-49E3-AEA5-EFEA2D860BBF} = {783C30BE-E89A-4F9B-B588-AEFEFA3E0CCF}
		{C8248B7D-FF7E-46E9-85F2-1B6502247564} = {AF2AC121-2294-455F-804F-7CA16BA149E0}
		{508CE0A6-B7E7-4ED6-9A19-877C55C34EF5} = {A582C94A-B69F-4286-96DE-C9726E667A47}
		{1C520310-4618-48B3-85E6-C866F9E5327A} = {A582C94A-B69F-4286-96DE-C9726E667A47}
		{E078B7CF-B777-4502-B4BF-42C5D4234FCD} = {A582C94A-B69F-4286-96DE-C9726E667A47}
		{180345D8-B954-4346-91A7-6547D701E353} = {A582C94A-B69F-4286-96DE-C9726E667A47}
		{56596ED0-4737-4107-A235-EF065A137FEE} = {A582C94A-B69F-4286-96DE-C9726E667A47}
		{987CE10C-ACF5-400C-9C5D-9A8E048DDDB1} = {A582C94A-B69F-4286-96DE-C9726E667A47}
		{5F6355CE-5758-473A-8FF3-7970D4DB633C} = {A582C94A-B69F-4286-96DE-C9726E667A47}
		{2287517F-41EF-4E68-8AD2-D3AB150DC4E9} = {ADCAF543-E569-4CBF-B8BF-6A8816E8087A}
		{34A62A8B-0D27-43A6-AA05-4643AA26F284} = {9A97790A-BADB-4640-BA5E-094F514F4CF2}
		{A4DA668B-798D-416C-A178-2B93E1BDA632} = {6CDA5E07-B91F-4076-A342-E330FE5A5337}
		{9A97790A-BADB-4640-BA5E-094F514F4CF2} = {4A31D939-3457-4824-8BB6-B730AA088BEB}
		{ED4E2CF1-1323-40FA-A8C7-B5C14DE02205} = {9A97790A-BADB-4640-BA5E-094F514F4CF2}
		{6CDA5E07-B91F-4076-A342-E330FE5A5337} = {34A62A8B-0D27-43A6-AA05-4643AA26F284}
		{64BEAC87-E40F-4153-A5F8-AD1734057F2F} = {34A62A8B-0D27-43A6-AA05-4643AA26F284}
		{2D1EC14E-3DAA-41A3-9374-A718992C8523} = {6CDA5E07-B91F-4076-A342-E330FE5A5337}
		{638606B0-76B7-4A0B-9AA4-48AC5D03FACF} = {A582C94A-B69F-4286-96DE-C9726E667A47}
		{1AA3ED91-277B-4DEE-8496-4E6A16D209B0} = {A582C94A-B69F-4286-96DE-C9726E667A47}
		{7EBB3628-38B9-4551-AACD-12B81059E7AA} = {6CDA5E07-B91F-4076-A342-E330FE5A5337}
		{49B425A2-5438-4124-81FF-6D8558F62987} = {7EBB3628-38B9-4551-AACD-12B81059E7AA}
		{1951455D-CAB8-4C3E-AC31-6EBD761E337B} = {64BEAC87-E40F-4153-A5F8-AD1734057F2F}
		{3CABB9C7-F7C7-4656-BCA5-C6FDD657D720} = {64BEAC87-E40F-4153-A5F8-AD1734057F2F}
		{DF1F1053-5767-4340-8C6F-B4C461A4B6B4} = {783C30BE-E89A-4F9B-B588-AEFEFA3E0CCF}
		{D217BDF6-28BD-41A8-9CDA-D3D5A21A5BD1} = {64BEAC87-E40F-4153-A5F8-AD1734057F2F}
		{102719D9-582D-4309-A8C3-56FCC8FD206C} = {D217BDF6-28BD-41A8-9CDA-D3D5A21A5BD1}
		{91C46A48-468D-4838-B394-B695895B9F27} = {A582C94A-B69F-4286-96DE-C9726E667A47}
		{6E045184-315D-480B-92AD-0AE0F30224B0} = {D217BDF6-28BD-41A8-9CDA-D3D5A21A5BD1}
		{E8774195-345E-45DE-B4D4-8DFA95FC309B} = {783C30BE-E89A-4F9B-B588-AEFEFA3E0CCF}
	EndGlobalSection
	GlobalSection(ExtensibilityGlobals) = postSolution
		SolutionGuid = {BBD4F343-E2CF-45C6-BFAA-D3FA9ED721A7}
	EndGlobalSection
EndGlobal
